
Microsoft Visual Studio Solution File, Format Version 12.00
Project("{FAE04EC0-301F-11D3-BF4B-00C04F79EFBC}") = "Ivan", "Ivan\Ivan.csproj", "{ADCF89CD-ED6C-45B9-B003-DC3A46217F95}"
EndProject
Global
	GlobalSection(SolutionConfigurationPlatforms) = preSolution
		Debug|Any CPU = Debug|Any CPU
		Release|Any CPU = Release|Any CPU
	EndGlobalSection
	GlobalSection(ProjectConfigurationPlatforms) = postSolution
		{ADCF89CD-ED6C-45B9-B003-DC3A46217F95}.Debug|Any CPU.ActiveCfg = Debug|Any CPU
		{ADCF89CD-ED6C-45B9-B003-DC3A46217F95}.Debug|Any CPU.Build.0 = Debug|Any CPU
		{ADCF89CD-ED6C-45B9-B003-DC3A46217F95}.Release|Any CPU.ActiveCfg = Release|Any CPU
		{ADCF89CD-ED6C-45B9-B003-DC3A46217F95}.Release|Any CPU.Build.0 = Release|Any CPU
	EndGlobalSection
EndGlobal
